[{<<"antidote_crdt">>,
  {git,"https://github.com/SyncFree/antidote_crdt",
       {ref,"c07eb4664ca31067d826d70614eca64fac423577"}},
  0},
 {<<"basho_bench">>,
  {git,"https://github.com/goncalotomas/basho_bench",
       {ref,"8e14932da23542041cf76f1fcb54ddb2266c2d39"}},
  0},
 {<<"bear">>,
  {git,"git://github.com/boundary/bear.git",
       {ref,"b1882d7ee88e775d961a2678e4fafecef7f77705"}},
  2},
 {<<"casbench">>,
  {git,"git://github.com/basho/casbench",
       {ref,"95ed55b494551577870984aeb1e0f683631a326f"}},
  1},
 {<<"cqerl">>,
  {git,"git://github.com/matehat/cqerl.git",
       {ref,"16021593c866ca314acd0ba6858194ed44a362b3"}},
  1},
 {<<"folsom">>,
  {git,"git://github.com/basho/folsom.git",
       {ref,"b58f9396e4c2275562baf49890ac058fe77ac1ce"}},
  1},
 {<<"getopt">>,
  {git,"git://github.com/jcomellas/getopt",
       {ref,"388dc95caa7fb97ec7db8cfc39246a36aba61bd8"}},
  1},
 {<<"goldrush">>,
  {git,"git://github.com/DeadZen/goldrush.git",
       {ref,"212299233c7e7eb63a97be2777e1c05ebaa58dbe"}},
  2},
 {<<"hamcrest">>,
  {git,"https://github.com/basho/hamcrest-erlang.git",
       {ref,"98bc7aa19ea081478c816824aa05fc5a48acae66"}},
  3},
 {<<"ibrowse">>,
  {git,"git://github.com/cmullaparthi/ibrowse.git",
       {ref,"e8ae353c16d4f0897abb9f80025b52925b974dd1"}},
  1},
 {<<"katja">>,
  {git,"git://github.com/lasp-lang/katja.git",
       {ref,"8396e644ec82c9234c00e86a02edbdcbeaafe857"}},
  1},
 {<<"lager">>,
  {git,"https://github.com/basho/lager",
       {ref,"8187757388c9adc915379caaab36a2f2ca26e944"}},
  1},
 {<<"lz4">>,
  {git,"https://github.com/szktty/erlang-lz4.git",
       {ref,"30878eafeff35939052c2cafe17d21c95029d3a1"}},
  2},
 {<<"meck">>,
  {git,"git://github.com/basho/meck.git",
       {ref,"dde759050eff19a1a80fd854d7375174b191665d"}},
  2},
 {<<"mochiweb">>,
  {git,"git://github.com/basho/mochiweb",
       {ref,"9090c7942f9dcde4ddbf9f78429e289ff5600c18"}},
  1},
 {<<"node_package">>,
  {git,"git://github.com/basho/node_package",
       {ref,"a56fe9b021e3543a24fdfc98f1c16704b41e62c6"}},
  1},
 {<<"pooler">>,
  {git,"https://github.com/seth/pooler.git",
       {ref,"521f568bf9a2ccbe7c7e0fc23f24cd06ec559b79"}},
  2},
 {<<"protobuffs">>,
  {git,"git://github.com/basho/erlang_protobuffs",
       {ref,"a1eeee77aef639a33cc5a2dd7abed7e4f4b83f9b"}},
  2},
 {<<"quickrand">>,
  {git,"https://github.com/okeuday/quickrand.git",
       {ref,"178c3340ae3f666bfa1fe0472a68e44dca552b1a"}},
  3},
 {<<"rand_compat">>,
  {git,"https://github.com/lasp-lang/rand_compat.git",
       {ref,"4f658110f57bfd1a3e966a7d65b23d5c8f868167"}},
  2},
 {<<"rebar_lock_deps_plugin">>,
  {git,"git://github.com/seth/rebar_lock_deps_plugin.git",
       {ref,"9711549b8a84b065eb2edc22f8eb6ff85e3c94e8"}},
  1},
 {<<"riak_dt">>,
  {git,"git://github.com/aletomsic/riak_dt",
       {ref,"86cfe29db5495eaafdb241f168d27a29db90e4cf"}},
  0},
 {<<"riak_pb">>,
  {git,"https://github.com/basho/riak_pb",
       {ref,"f5af9ffe04eb27689d483509de26574bdf70343f"}},
  2},
 {<<"riakc">>,
  {git,"git://github.com/basho/riak-erlang-client",
       {ref,"a5ff1cb07f54245e2d0296ac7bc49ffaf4104440"}},
  1},
 {<<"semver">>,
  {git,"https://github.com/nebularis/semver.git",
       {ref,"c7d509f38298ec6594be4efdcd8a8f2322760039"}},
  2},
 {<<"snappy">>,
  {git,"https://github.com/fdmanana/snappy-erlang-nif.git",
       {ref,"c4cd1bb35f3a3a399737d64bd03b479817b90e75"}},
  2},
 {<<"uuid">>,
  {git,"https://github.com/okeuday/uuid.git",
       {ref,"15bd7676d29bec7bd967a2cab931006a4c968040"}},
  2}].
