{"1.1.0",
[{<<"antidote_pb_codec">>,{pkg,<<"antidote_pb_codec">>,<<"0.0.3">>},1},
 {<<"antidotec_pb">>,{pkg,<<"antidotec_pb">>,<<"0.2.4">>},0},
 {<<"cowboy">>,{pkg,<<"cowboy">>,<<"2.4.0">>},0},
 {<<"cowlib">>,{pkg,<<"cowlib">>,<<"2.3.0">>},1},
 {<<"eredis">>,{pkg,<<"eredis">>,<<"1.1.0">>},1},
 {<<"eredis_cluster">>,{pkg,<<"eredis_cluster">>,<<"0.5.11">>},0},
 {<<"erlcass">>,{pkg,<<"erlcass">>,<<"3.2.1">>},0},
 {<<"goldrush">>,{pkg,<<"goldrush">>,<<"0.1.9">>},1},
 {<<"hamcrest">>,{pkg,<<"basho_hamcrest">>,<<"0.4.1">>},2},
 {<<"jsx">>,{pkg,<<"jsx">>,<<"2.9.0">>},0},
 {<<"lager">>,{pkg,<<"lager">>,<<"3.6.6">>},0},
 {<<"poolboy">>,{pkg,<<"poolboy">>,<<"1.5.1">>},0},
 {<<"ranch">>,{pkg,<<"ranch">>,<<"1.5.0">>},1},
 {<<"riak_client">>,{pkg,<<"riak_client">>,<<"2.5.3">>},0},
 {<<"riak_pb">>,{pkg,<<"riak_pb">>,<<"2.3.2">>},1}]}.
[
{pkg_hash,[
 {<<"antidote_pb_codec">>, <<"692A14320C6A78E5906E4EF182D5C09C0BC0CDEFCB3C09338C08FECA3F0226CB">>},
 {<<"antidotec_pb">>, <<"9B6A760D75AFF0BCFC6B136DE6E4065B4FB4AED5D6AF18246FDC5B8F7F64C12F">>},
 {<<"cowboy">>, <<"F1B72FABE9C8A5FC64AC5AC85FB65474D64733D1DF52A26FAD5D4BA3D9F70A9F">>},
 {<<"cowlib">>, <<"BBD58EF537904E4F7C1DD62E6AA8BC831C8183CE4EFA9BD1150164FE15BE4CAA">>},
 {<<"eredis">>, <<"8D8D74496F35216679B97726B75FB1C8715E99DD7F3EF9F9824A2264C3E0AAC0">>},
 {<<"eredis_cluster">>, <<"383E44C47B4DF06145448680D84BBC95A7E8CD708E9100BEB0E461ECFAB506FE">>},
 {<<"erlcass">>, <<"04A931E85787C3F35D118A0261E0CA054C0502F79E1722BCF1DF77784EEDD49B">>},
 {<<"goldrush">>, <<"F06E5D5F1277DA5C413E84D5A2924174182FB108DABB39D5EC548B27424CD106">>},
 {<<"hamcrest">>, <<"FB7B2C92D252A1E9DB936750B86089ADDAEBEB8F87967FB4BBDDA61E8863338E">>},
 {<<"jsx">>, <<"D2F6E5F069C00266CAD52FB15D87C428579EA4D7D73A33669E12679E203329DD">>},
 {<<"lager">>, <<"23C8F5ABC4189F46804791E16BF6421C14EBC5B529DC113BC54639C6C62F255D">>},
 {<<"poolboy">>, <<"6B46163901CFD0A1B43D692657ED9D7E599853B3B21B95AE5AE0A777CF9B6CA8">>},
 {<<"ranch">>, <<"F04166F456790FEE2AC1AA05A02745CC75783C2BFB26D39FAF6AEFC9A3D3A58A">>},
 {<<"riak_client">>, <<"6B78373E576D80C7020BCBDA3B2C102221D32863580404F59D8791E5CDC19E79">>},
 {<<"riak_pb">>, <<"48FFBF66DBB3F136AB9A7134BAC4E496754BAA5EF58C4F50A61326736D996390">>}]}
].
