{"1.1.0",
[{<<"antidote_pb">>,
  {git,"https://github.com/SyncFree/antidote_pb",
       {ref,"09a2f884a6e0b388475576701b096741d48f48fb"}},
  0},
 {<<"cowboy">>,{pkg,<<"cowboy">>,<<"2.4.0">>},0},
 {<<"cowlib">>,{pkg,<<"cowlib">>,<<"2.3.0">>},1},
 {<<"eredis">>,{pkg,<<"eredis">>,<<"1.1.0">>},1},
 {<<"eredis_cluster">>,{pkg,<<"eredis_cluster">>,<<"0.5.11">>},0},
 {<<"goldrush">>,{pkg,<<"goldrush">>,<<"0.1.9">>},1},
 {<<"jsx">>,{pkg,<<"jsx">>,<<"2.9.0">>},0},
 {<<"lager">>,{pkg,<<"lager">>,<<"3.6.2">>},0},
 {<<"meck">>,
  {git,"https://github.com/basho/meck.git",
       {ref,"dde759050eff19a1a80fd854d7375174b191665d"}},
  3},
 {<<"poolboy">>,{pkg,<<"poolboy">>,<<"1.5.1">>},0},
 {<<"protobuffs">>,
  {git,"git://github.com/basho/erlang_protobuffs.git",
       {ref,"0dde9d3b37b7bec3a4dfb0e87684dd7039e169ab"}},
  2},
 {<<"ranch">>,{pkg,<<"ranch">>,<<"1.5.0">>},1},
 {<<"riak_client">>,{pkg,<<"riak_client">>,<<"2.5.3">>},0},
 {<<"riak_pb">>,
  {git,"git://github.com/syncfree/riak_pb",
       {ref,"322309b2bb69b38191a51b21247a71b5e412e656"}},
  1}]}.
[
{pkg_hash,[
 {<<"cowboy">>, <<"F1B72FABE9C8A5FC64AC5AC85FB65474D64733D1DF52A26FAD5D4BA3D9F70A9F">>},
 {<<"cowlib">>, <<"BBD58EF537904E4F7C1DD62E6AA8BC831C8183CE4EFA9BD1150164FE15BE4CAA">>},
 {<<"eredis">>, <<"8D8D74496F35216679B97726B75FB1C8715E99DD7F3EF9F9824A2264C3E0AAC0">>},
 {<<"eredis_cluster">>, <<"383E44C47B4DF06145448680D84BBC95A7E8CD708E9100BEB0E461ECFAB506FE">>},
 {<<"goldrush">>, <<"F06E5D5F1277DA5C413E84D5A2924174182FB108DABB39D5EC548B27424CD106">>},
 {<<"jsx">>, <<"D2F6E5F069C00266CAD52FB15D87C428579EA4D7D73A33669E12679E203329DD">>},
 {<<"lager">>, <<"2C72950A0E75FFD927DD35BC85EA30E7680A264C4BBD08B328250871AC456CC2">>},
 {<<"poolboy">>, <<"6B46163901CFD0A1B43D692657ED9D7E599853B3B21B95AE5AE0A777CF9B6CA8">>},
 {<<"ranch">>, <<"F04166F456790FEE2AC1AA05A02745CC75783C2BFB26D39FAF6AEFC9A3D3A58A">>},
 {<<"riak_client">>, <<"6B78373E576D80C7020BCBDA3B2C102221D32863580404F59D8791E5CDC19E79">>}]}
].
